
Microsoft Visual Studio Solution File, Format Version 12.00
# Visual Studio Version 17
VisualStudioVersion = 17.9.34607.119
MinimumVisualStudioVersion = 10.0.40219.1
Project("{FAE04EC0-301F-11D3-BF4B-00C04F79EFBC}") = "GladsonEF", "GladsonEF\GladsonEF.csproj", "{5738734D-1351-408E-9C51-9D8EF41CC60F}"
EndProject
Global
	GlobalSection(SolutionConfigurationPlatforms) = preSolution
		Debug|Any CPU = Debug|Any CPU
		Release|Any CPU = Release|Any CPU
	EndGlobalSection
	GlobalSection(ProjectConfigurationPlatforms) = postSolution
		{5738734D-1351-408E-9C51-9D8EF41CC60F}.Debug|Any CPU.ActiveCfg = Debug|Any CPU
		{5738734D-1351-408E-9C51-9D8EF41CC60F}.Debug|Any CPU.Build.0 = Debug|Any CPU
		{5738734D-1351-408E-9C51-9D8EF41CC60F}.Release|Any CPU.ActiveCfg = Release|Any CPU
		{5738734D-1351-408E-9C51-9D8EF41CC60F}.Release|Any CPU.Build.0 = Release|Any CPU
	EndGlobalSection
	GlobalSection(SolutionProperties) = preSolution
		HideSolutionNode = FALSE
	EndGlobalSection
	GlobalSection(ExtensibilityGlobals) = postSolution
		SolutionGuid = {6E36E351-B5CD-42AD-ADCF-4D46E5719E0D}
	EndGlobalSection
EndGlobal
